// !$*UTF8*$!
{
	archiveVersion = 1;
	classes = {
	};
	objectVersion = 77;
	objects = {

/* Begin PBXContainerItemProxy section */
		E10C55032D7943950067FF17 /* PBXContainerItemProxy */ = {
			isa = PBXContainerItemProxy;
			containerPortal = E10C54E92D7943940067FF17 /* Project object */;
			proxyType = 1;
			remoteGlobalIDString = E10C54F02D7943940067FF17;
			remoteInfo = StickyOverlay;
		};
		E10C550D2D7943950067FF17 /* PBXContainerItemProxy */ = {
			isa = PBXContainerItemProxy;
			containerPortal = E10C54E92D7943940067FF17 /* Project object */;
			proxyType = 1;
			remoteGlobalIDString = E10C54F02D7943940067FF17;
			remoteInfo = StickyOverlay;
		};
/* End PBXContainerItemProxy section */

/* Begin PBXFileReference section */
		E10C54F12D7943940067FF17 /* StickyOverlay.app */ = {isa = PBXFileReference; explicitFileType = wrapper.application; includeInIndex = 0; path = StickyOverlay.app; sourceTree = BUILT_PRODUCTS_DIR; };
		E10C55022D7943950067FF17 /* StickyOverlayTests.xctest */ = {isa = PBXFileReference; explicitFileType = wrapper.cfbundle; includeInIndex = 0; path = StickyOverlayTests.xctest; sourceTree = BUILT_PRODUCTS_DIR; };
		E10C550C2D7943950067FF17 /* StickyOverlayUITests.xctest */ = {isa = PBXFileReference; explicitFileType = wrapper.cfbundle; includeInIndex = 0; path = StickyOverlayUITests.xctest; sourceTree = BUILT_PRODUCTS_DIR; };
/* End PBXFileReference section */

/* Begin PBXFileSystemSynchronizedRootGroup section */
		E10C54F32D7943940067FF17 /* StickyOverlay */ = {
			isa = PBXFileSystemSynchronizedRootGroup;
			path = StickyOverlay;
			sourceTree = "<group>";
		};
		E10C55052D7943950067FF17 /* StickyOverlayTests */ = {
			isa = PBXFileSystemSynchronizedRootGroup;
			path = StickyOverlayTests;
			sourceTree = "<group>";
		};
		E10C550F2D7943950067FF17 /* StickyOverlayUITests */ = {
			isa = PBXFileSystemSynchronizedRootGroup;
			path = StickyOverlayUITests;
			sourceTree = "<group>";
		};
/* End PBXFileSystemSynchronizedRootGroup section */

/* Begin PBXFrameworksBuildPhase section */
		E10C54EE2D7943940067FF17 /* Frameworks */ = {
			isa = PBXFrameworksBuildPhase;
			buildActionMask = 2147483647;
			files = (
			);
			runOnlyForDeploymentPostprocessing = 0;
		};
		E10C54FF2D7943950067FF17 /* Frameworks */ = {
			isa = PBXFrameworksBuildPhase;
			buildActionMask = 2147483647;
			files = (
			);
			runOnlyForDeploymentPostprocessing = 0;
		};
		E10C55092D7943950067FF17 /* Frameworks */ = {
			isa = PBXFrameworksBuildPhase;
			buildActionMask = 2147483647;
			files = (
			);
			runOnlyForDeploymentPostprocessing = 0;
		};
/* End PBXFrameworksBuildPhase section */

/* Begin PBXGroup section */
		E10C54E82D7943940067FF17 = {
			isa = PBXGroup;
			children = (
				E10C54F32D7943940067FF17 /* StickyOverlay */,
				E10C55052D7943950067FF17 /* StickyOverlayTests */,
				E10C550F2D7943950067FF17 /* StickyOverlayUITests */,
				E10C54F22D7943940067FF17 /* Products */,
			);
			sourceTree = "<group>";
		};
		E10C54F22D7943940067FF17 /* Products */ = {
			isa = PBXGroup;
			children = (
				E10C54F12D7943940067FF17 /* StickyOverlay.app */,
				E10C55022D7943950067FF17 /* StickyOverlayTests.xctest */,
				E10C550C2D7943950067FF17 /* StickyOverlayUITests.xctest */,
			);
			name = Products;
			sourceTree = "<group>";
		};
/* End PBXGroup section */

/* Begin PBXNativeTarget section */
		E10C54F02D7943940067FF17 /* StickyOverlay */ = {
			isa = PBXNativeTarget;
			buildConfigurationList = E10C55162D7943950067FF17 /* Build configuration list for PBXNativeTarget "StickyOverlay" */;
			buildPhases = (
				E10C54ED2D7943940067FF17 /* Sources */,
				E10C54EE2D7943940067FF17 /* Frameworks */,
				E10C54EF2D7943940067FF17 /* Resources */,
			);
			buildRules = (
			);
			dependencies = (
			);
			fileSystemSynchronizedGroups = (
				E10C54F32D7943940067FF17 /* StickyOverlay */,
			);
			name = StickyOverlay;
			packageProductDependencies = (
			);
			productName = StickyOverlay;
			productReference = E10C54F12D7943940067FF17 /* StickyOverlay.app */;
			productType = "com.apple.product-type.application";
		};
		E10C55012D7943950067FF17 /* StickyOverlayTests */ = {
			isa = PBXNativeTarget;
			buildConfigurationList = E10C55192D7943950067FF17 /* Build configuration list for PBXNativeTarget "StickyOverlayTests" */;
			buildPhases = (
				E10C54FE2D7943950067FF17 /* Sources */,
				E10C54FF2D7943950067FF17 /* Frameworks */,
				E10C55002D7943950067FF17 /* Resources */,
			);
			buildRules = (
			);
			dependencies = (
				E10C55042D7943950067FF17 /* PBXTargetDependency */,
			);
			fileSystemSynchronizedGroups = (
				E10C55052D7943950067FF17 /* StickyOverlayTests */,
			);
			name = StickyOverlayTests;
			packageProductDependencies = (
			);
			productName = StickyOverlayTests;
			productReference = E10C55022D7943950067FF17 /* StickyOverlayTests.xctest */;
			productType = "com.apple.product-type.bundle.unit-test";
		};
		E10C550B2D7943950067FF17 /* StickyOverlayUITests */ = {
			isa = PBXNativeTarget;
			buildConfigurationList = E10C551C2D7943950067FF17 /* Build configuration list for PBXNativeTarget "StickyOverlayUITests" */;
			buildPhases = (
				E10C55082D7943950067FF17 /* Sources */,
				E10C55092D7943950067FF17 /* Frameworks */,
				E10C550A2D7943950067FF17 /* Resources */,
			);
			buildRules = (
			);
			dependencies = (
				E10C550E2D7943950067FF17 /* PBXTargetDependency */,
			);
			fileSystemSynchronizedGroups = (
				E10C550F2D7943950067FF17 /* StickyOverlayUITests */,
			);
			name = StickyOverlayUITests;
			packageProductDependencies = (
			);
			productName = StickyOverlayUITests;
			productReference = E10C550C2D7943950067FF17 /* StickyOverlayUITests.xctest */;
			productType = "com.apple.product-type.bundle.ui-testing";
		};
/* End PBXNativeTarget section */

/* Begin PBXProject section */
		E10C54E92D7943940067FF17 /* Project object */ = {
			isa = PBXProject;
			attributes = {
				BuildIndependentTargetsInParallel = 1;
				LastSwiftUpdateCheck = 1620;
				LastUpgradeCheck = 1620;
				TargetAttributes = {
					E10C54F02D7943940067FF17 = {
						CreatedOnToolsVersion = 16.2;
					};
					E10C55012D7943950067FF17 = {
						CreatedOnToolsVersion = 16.2;
						TestTargetID = E10C54F02D7943940067FF17;
					};
					E10C550B2D7943950067FF17 = {
						CreatedOnToolsVersion = 16.2;
						TestTargetID = E10C54F02D7943940067FF17;
					};
				};
			};
			buildConfigurationList = E10C54EC2D7943940067FF17 /* Build configuration list for PBXProject "StickyOverlay" */;
			developmentRegion = en;
			hasScannedForEncodings = 0;
			knownRegions = (
				en,
				Base,
			);
			mainGroup = E10C54E82D7943940067FF17;
			minimizedProjectReferenceProxies = 1;
			preferredProjectObjectVersion = 77;
			productRefGroup = E10C54F22D7943940067FF17 /* Products */;
			projectDirPath = "";
			projectRoot = "";
			targets = (
				E10C54F02D7943940067FF17 /* StickyOverlay */,
				E10C55012D7943950067FF17 /* StickyOverlayTests */,
				E10C550B2D7943950067FF17 /* StickyOverlayUITests */,
			);
		};
/* End PBXProject section */

/* Begin PBXResourcesBuildPhase section */
		E10C54EF2D7943940067FF17 /* Resources */ = {
			isa = PBXResourcesBuildPhase;
			buildActionMask = 2147483647;
			files = (
			);
			runOnlyForDeploymentPostprocessing = 0;
		};
		E10C55002D7943950067FF17 /* Resources */ = {
			isa = PBXResourcesBuildPhase;
			buildActionMask = 2147483647;
			files = (
			);
			runOnlyForDeploymentPostprocessing = 0;
		};
		E10C550A2D7943950067FF17 /* Resources */ = {
			isa = PBXResourcesBuildPhase;
			buildActionMask = 2147483647;
			files = (
			);
			runOnlyForDeploymentPostprocessing = 0;
		};
/* End PBXResourcesBuildPhase section */

/* Begin PBXSourcesBuildPhase section */
		E10C54ED2D7943940067FF17 /* Sources */ = {
			isa = PBXSourcesBuildPhase;
			buildActionMask = 2147483647;
			files = (
			);
			runOnlyForDeploymentPostprocessing = 0;
		};
		E10C54FE2D7943950067FF17 /* Sources */ = {
			isa = PBXSourcesBuildPhase;
			buildActionMask = 2147483647;
			files = (
			);
			runOnlyForDeploymentPostprocessing = 0;
		};
		E10C55082D7943950067FF17 /* Sources */ = {
			isa = PBXSourcesBuildPhase;
			buildActionMask = 2147483647;
			files = (
			);
			runOnlyForDeploymentPostprocessing = 0;
		};
/* End PBXSourcesBuildPhase section */

/* Begin PBXTargetDependency section */
		E10C55042D7943950067FF17 /* PBXTargetDependency */ = {
			isa = PBXTargetDependency;
			target = E10C54F02D7943940067FF17 /* StickyOverlay */;
			targetProxy = E10C55032D7943950067FF17 /* PBXContainerItemProxy */;
		};
		E10C550E2D7943950067FF17 /* PBXTargetDependency */ = {
			isa = PBXTargetDependency;
			target = E10C54F02D7943940067FF17 /* StickyOverlay */;
			targetProxy = E10C550D2D7943950067FF17 /* PBXContainerItemProxy */;
		};
/* End PBXTargetDependency section */

/* Begin XCBuildConfiguration section */
		E10C55142D7943950067FF17 /* Debug */ = {
			isa = XCBuildConfiguration;
			buildSettings = {
				ALWAYS_SEARCH_USER_PATHS = NO;
				ASSETCATALOG_COMPILER_GENERATE_SWIFT_ASSET_SYMBOL_EXTENSIONS = YES;
				CLANG_ANALYZER_NONNULL = YES;
				CLANG_ANALYZER_NUMBER_OBJECT_CONVERSION = YES_AGGRESSIVE;
				CLANG_CXX_LANGUAGE_STANDARD = "gnu++20";
				CLANG_ENABLE_MODULES = YES;
				CLANG_ENABLE_OBJC_ARC = YES;
				CLANG_ENABLE_OBJC_WEAK = YES;
				CLANG_WARN_BLOCK_CAPTURE_AUTORELEASING = YES;
				CLANG_WARN_BOOL_CONVERSION = YES;
				CLANG_WARN_COMMA = YES;
				CLANG_WARN_CONSTANT_CONVERSION = YES;
				CLANG_WARN_DEPRECATED_OBJC_IMPLEMENTATIONS = YES;
				CLANG_WARN_DIRECT_OBJC_ISA_USAGE = YES_ERROR;
				CLANG_WARN_DOCUMENTATION_COMMENTS = YES;
				CLANG_WARN_EMPTY_BODY = YES;
				CLANG_WARN_ENUM_CONVERSION = YES;
				CLANG_WARN_INFINITE_RECURSION = YES;
				CLANG_WARN_INT_CONVERSION = YES;
				CLANG_WARN_NON_LITERAL_NULL_CONVERSION = YES;
				CLANG_WARN_OBJC_IMPLICIT_RETAIN_SELF = YES;
				CLANG_WARN_OBJC_LITERAL_CONVERSION = YES;
				CLANG_WARN_OBJC_ROOT_CLASS = YES_ERROR;
				CLANG_WARN_QUOTED_INCLUDE_IN_FRAMEWORK_HEADER = YES;
				CLANG_WARN_RANGE_LOOP_ANALYSIS = YES;
				CLANG_WARN_STRICT_PROTOTYPES = YES;
				CLANG_WARN_SUSPICIOUS_MOVE = YES;
				CLANG_WARN_UNGUARDED_AVAILABILITY = YES_AGGRESSIVE;
				CLANG_WARN_UNREACHABLE_CODE = YES;
				CLANG_WARN__DUPLICATE_METHOD_MATCH = YES;
				COPY_PHASE_STRIP = NO;
				DEBUG_INFORMATION_FORMAT = dwarf;
				ENABLE_STRICT_OBJC_MSGSEND = YES;
				ENABLE_TESTABILITY = YES;
				ENABLE_USER_SCRIPT_SANDBOXING = YES;
				GCC_C_LANGUAGE_STANDARD = gnu17;
				GCC_DYNAMIC_NO_PIC = NO;
				GCC_NO_COMMON_BLOCKS = YES;
				GCC_OPTIMIZATION_LEVEL = 0;
				GCC_PREPROCESSOR_DEFINITIONS = (
					"DEBUG=1",
					"$(inherited)",
				);
				GCC_WARN_64_TO_32_BIT_CONVERSION = YES;
				GCC_WARN_ABOUT_RETURN_TYPE = YES_ERROR;
				GCC_WARN_UNDECLARED_SELECTOR = YES;
				GCC_WARN_UNINITIALIZED_AUTOS = YES_AGGRESSIVE;
				GCC_WARN_UNUSED_FUNCTION = YES;
				GCC_WARN_UNUSED_VARIABLE = YES;
				LOCALIZATION_PREFERS_STRING_CATALOGS = YES;
				MACOSX_DEPLOYMENT_TARGET = 15.2;
				MTL_ENABLE_DEBUG_INFO = INCLUDE_SOURCE;
				MTL_FAST_MATH = YES;
				ONLY_ACTIVE_ARCH = YES;
				SDKROOT = macosx;
				SWIFT_ACTIVE_COMPILATION_CONDITIONS = "DEBUG $(inherited)";
				SWIFT_OPTIMIZATION_LEVEL = "-Onone";
			};
			name = Debug;
		};
		E10C55152D7943950067FF17 /* Release */ = {
			isa = XCBuildConfiguration;
			buildSettings = {
				ALWAYS_SEARCH_USER_PATHS = NO;
				ASSETCATALOG_COMPILER_GENERATE_SWIFT_ASSET_SYMBOL_EXTENSIONS = YES;
				CLANG_ANALYZER_NONNULL = YES;
				CLANG_ANALYZER_NUMBER_OBJECT_CONVERSION = YES_AGGRESSIVE;
				CLANG_CXX_LANGUAGE_STANDARD = "gnu++20";
				CLANG_ENABLE_MODULES = YES;
				CLANG_ENABLE_OBJC_ARC = YES;
				CLANG_ENABLE_OBJC_WEAK = YES;
				CLANG_WARN_BLOCK_CAPTURE_AUTORELEASING = YES;
				CLANG_WARN_BOOL_CONVERSION = YES;
				CLANG_WARN_COMMA = YES;
				CLANG_WARN_CONSTANT_CONVERSION = YES;
				CLANG_WARN_DEPRECATED_OBJC_IMPLEMENTATIONS = YES;
				CLANG_WARN_DIRECT_OBJC_ISA_USAGE = YES_ERROR;
				CLANG_WARN_DOCUMENTATION_COMMENTS = YES;
				CLANG_WARN_EMPTY_BODY = YES;
				CLANG_WARN_ENUM_CONVERSION = YES;
				CLANG_WARN_INFINITE_RECURSION = YES;
				CLANG_WARN_INT_CONVERSION = YES;
				CLANG_WARN_NON_LITERAL_NULL_CONVERSION = YES;
				CLANG_WARN_OBJC_IMPLICIT_RETAIN_SELF = YES;
				CLANG_WARN_OBJC_LITERAL_CONVERSION = YES;
				CLANG_WARN_OBJC_ROOT_CLASS = YES_ERROR;
				CLANG_WARN_QUOTED_INCLUDE_IN_FRAMEWORK_HEADER = YES;
				CLANG_WARN_RANGE_LOOP_ANALYSIS = YES;
				CLANG_WARN_STRICT_PROTOTYPES = YES;
				CLANG_WARN_SUSPICIOUS_MOVE = YES;
				CLANG_WARN_UNGUARDED_AVAILABILITY = YES_AGGRESSIVE;
				CLANG_WARN_UNREACHABLE_CODE = YES;
				CLANG_WARN__DUPLICATE_METHOD_MATCH = YES;
				COPY_PHASE_STRIP = NO;
				DEBUG_INFORMATION_FORMAT = "dwarf-with-dsym";
				ENABLE_NS_ASSERTIONS = NO;
				ENABLE_STRICT_OBJC_MSGSEND = YES;
				ENABLE_USER_SCRIPT_SANDBOXING = YES;
				GCC_C_LANGUAGE_STANDARD = gnu17;
				GCC_NO_COMMON_BLOCKS = YES;
				GCC_WARN_64_TO_32_BIT_CONVERSION = YES;
				GCC_WARN_ABOUT_RETURN_TYPE = YES_ERROR;
				GCC_WARN_UNDECLARED_SELECTOR = YES;
				GCC_WARN_UNINITIALIZED_AUTOS = YES_AGGRESSIVE;
				GCC_WARN_UNUSED_FUNCTION = YES;
				GCC_WARN_UNUSED_VARIABLE = YES;
				LOCALIZATION_PREFERS_STRING_CATALOGS = YES;
				MACOSX_DEPLOYMENT_TARGET = 15.2;
				MTL_ENABLE_DEBUG_INFO = NO;
				MTL_FAST_MATH = YES;
				SDKROOT = macosx;
				SWIFT_COMPILATION_MODE = wholemodule;
			};
			name = Release;
		};
		E10C55172D7943950067FF17 /* Debug */ = {
			isa = XCBuildConfiguration;
			buildSettings = {
				ASSETCATALOG_COMPILER_APPICON_NAME = AppIcon;
				ASSETCATALOG_COMPILER_GLOBAL_ACCENT_COLOR_NAME = AccentColor;
				CODE_SIGN_ENTITLEMENTS = StickyOverlay/StickyOverlay.entitlements;
				CODE_SIGN_STYLE = Automatic;
				COMBINE_HIDPI_IMAGES = YES;
				CURRENT_PROJECT_VERSION = 1;
				GENERATE_INFOPLIST_FILE = YES;
				INFOPLIST_KEY_NSHumanReadableCopyright = "";
				INFOPLIST_KEY_NSPrincipalClass = NSApplication;
				LD_RUNPATH_SEARCH_PATHS = (
					"$(inherited)",
					"@executable_path/../Frameworks",
				);
				MARKETING_VERSION = 1.0;
				PRODUCT_BUNDLE_IDENTIFIER = com.aqc.StickyOverlay;
				PRODUCT_NAME = "$(TARGET_NAME)";
				SWIFT_EMIT_LOC_STRINGS = YES;
				SWIFT_VERSION = 5.0;
			};
			name = Debug;
		};
		E10C55182D7943950067FF17 /* Release */ = {
			isa = XCBuildConfiguration;
			buildSettings = {
				ASSETCATALOG_COMPILER_APPICON_NAME = AppIcon;
				ASSETCATALOG_COMPILER_GLOBAL_ACCENT_COLOR_NAME = AccentColor;
				CODE_SIGN_ENTITLEMENTS = StickyOverlay/StickyOverlay.entitlements;
				CODE_SIGN_STYLE = Automatic;
				COMBINE_HIDPI_IMAGES = YES;
				CURRENT_PROJECT_VERSION = 1;
				GENERATE_INFOPLIST_FILE = YES;
				INFOPLIST_KEY_NSHumanReadableCopyright = "";
				INFOPLIST_KEY_NSPrincipalClass = NSApplication;
				LD_RUNPATH_SEARCH_PATHS = (
					"$(inherited)",
					"@executable_path/../Frameworks",
				);
				MARKETING_VERSION = 1.0;
				PRODUCT_BUNDLE_IDENTIFIER = com.aqc.StickyOverlay;
				PRODUCT_NAME = "$(TARGET_NAME)";
				SWIFT_EMIT_LOC_STRINGS = YES;
				SWIFT_VERSION = 5.0;
			};
			name = Release;
		};
		E10C551A2D7943950067FF17 /* Debug */ = {
			isa = XCBuildConfiguration;
			buildSettings = {
				BUNDLE_LOADER = "$(TEST_HOST)";
				CODE_SIGN_STYLE = Automatic;
				CURRENT_PROJECT_VERSION = 1;
				GENERATE_INFOPLIST_FILE = YES;
				MACOSX_DEPLOYMENT_TARGET = 15.2;
				MARKETING_VERSION = 1.0;
				PRODUCT_BUNDLE_IDENTIFIER = com.aqc.StickyOverlayTests;
				PRODUCT_NAME = "$(TARGET_NAME)";
				SWIFT_EMIT_LOC_STRINGS = NO;
				SWIFT_VERSION = 5.0;
				TEST_HOST = "$(BUILT_PRODUCTS_DIR)/StickyOverlay.app/$(BUNDLE_EXECUTABLE_FOLDER_PATH)/StickyOverlay";
			};
			name = Debug;
		};
		E10C551B2D7943950067FF17 /* Release */ = {
			isa = XCBuildConfiguration;
			buildSettings = {
				BUNDLE_LOADER = "$(TEST_HOST)";
				CODE_SIGN_STYLE = Automatic;
				CURRENT_PROJECT_VERSION = 1;
				GENERATE_INFOPLIST_FILE = YES;
				MACOSX_DEPLOYMENT_TARGET = 15.2;
				MARKETING_VERSION = 1.0;
				PRODUCT_BUNDLE_IDENTIFIER = com.aqc.StickyOverlayTests;
				PRODUCT_NAME = "$(TARGET_NAME)";
				SWIFT_EMIT_LOC_STRINGS = NO;
				SWIFT_VERSION = 5.0;
				TEST_HOST = "$(BUILT_PRODUCTS_DIR)/StickyOverlay.app/$(BUNDLE_EXECUTABLE_FOLDER_PATH)/StickyOverlay";
			};
			name = Release;
		};
		E10C551D2D7943950067FF17 /* Debug */ = {
			isa = XCBuildConfiguration;
			buildSettings = {
				CODE_SIGN_STYLE = Automatic;
				CURRENT_PROJECT_VERSION = 1;
				GENERATE_INFOPLIST_FILE = YES;
				MARKETING_VERSION = 1.0;
				PRODUCT_BUNDLE_IDENTIFIER = com.aqc.StickyOverlayUITests;
				PRODUCT_NAME = "$(TARGET_NAME)";
				SWIFT_EMIT_LOC_STRINGS = NO;
				SWIFT_VERSION = 5.0;
				TEST_TARGET_NAME = StickyOverlay;
			};
			name = Debug;
		};
		E10C551E2D7943950067FF17 /* Release */ = {
			isa = XCBuildConfiguration;
			buildSettings = {
				CODE_SIGN_STYLE = Automatic;
				CURRENT_PROJECT_VERSION = 1;
				GENERATE_INFOPLIST_FILE = YES;
				MARKETING_VERSION = 1.0;
				PRODUCT_BUNDLE_IDENTIFIER = com.aqc.StickyOverlayUITests;
				PRODUCT_NAME = "$(TARGET_NAME)";
				SWIFT_EMIT_LOC_STRINGS = NO;
				SWIFT_VERSION = 5.0;
				TEST_TARGET_NAME = StickyOverlay;
			};
			name = Release;
		};
/* End XCBuildConfiguration section */

/* Begin XCConfigurationList section */
		E10C54EC2D7943940067FF17 /* Build configuration list for PBXProject "StickyOverlay" */ = {
			isa = XCConfigurationList;
			buildConfigurations = (
				E10C55142D7943950067FF17 /* Debug */,
				E10C55152D7943950067FF17 /* Release */,
			);
			defaultConfigurationIsVisible = 0;
			defaultConfigurationName = Release;
		};
		E10C55162D7943950067FF17 /* Build configuration list for PBXNativeTarget "StickyOverlay" */ = {
			isa = XCConfigurationList;
			buildConfigurations = (
				E10C55172D7943950067FF17 /* Debug */,
				E10C55182D7943950067FF17 /* Release */,
			);
			defaultConfigurationIsVisible = 0;
			defaultConfigurationName = Release;
		};
		E10C55192D7943950067FF17 /* Build configuration list for PBXNativeTarget "StickyOverlayTests" */ = {
			isa = XCConfigurationList;
			buildConfigurations = (
				E10C551A2D7943950067FF17 /* Debug */,
				E10C551B2D7943950067FF17 /* Release */,
			);
			defaultConfigurationIsVisible = 0;
			defaultConfigurationName = Release;
		};
		E10C551C2D7943950067FF17 /* Build configuration list for PBXNativeTarget "StickyOverlayUITests" */ = {
			isa = XCConfigurationList;
			buildConfigurations = (
				E10C551D2D7943950067FF17 /* Debug */,
				E10C551E2D7943950067FF17 /* Release */,
			);
			defaultConfigurationIsVisible = 0;
			defaultConfigurationName = Release;
		};
/* End XCConfigurationList section */
	};
	rootObject = E10C54E92D7943940067FF17 /* Project object */;
}
